
Microsoft Visual Studio Solution File, Format Version 12.00
# Visual Studio Version 17
VisualStudioVersion = 17.4.33205.214
MinimumVisualStudioVersion = 10.0.40219.1
Project("{FAE04EC0-301F-11D3-BF4B-00C04F79EFBC}") = "VMDemo", "VMDemo.csproj", "{487A25D4-84D6-405D-817C-036B984D9B14}"
EndProject
Global
	GlobalSection(SolutionConfigurationPlatforms) = preSolution
		Debug|Any CPU = Debug|Any CPU
		Release|Any CPU = Release|Any CPU
	EndGlobalSection
	GlobalSection(ProjectConfigurationPlatforms) = postSolution
		{487A25D4-84D6-405D-817C-036B984D9B14}.Debug|Any CPU.ActiveCfg = Debug|Any CPU
		{487A25D4-84D6-405D-817C-036B984D9B14}.Debug|Any CPU.Build.0 = Debug|Any CPU
		{487A25D4-84D6-405D-817C-036B984D9B14}.Release|Any CPU.ActiveCfg = Release|Any CPU
		{487A25D4-84D6-405D-817C-036B984D9B14}.Release|Any CPU.Build.0 = Release|Any CPU
	EndGlobalSection
	GlobalSection(SolutionProperties) = preSolution
		HideSolutionNode = FALSE
	EndGlobalSection
	GlobalSection(ExtensibilityGlobals) = postSolution
		SolutionGuid = {377C6DDE-1F2D-47DB-9DB6-216F4A899D73}
	EndGlobalSection
EndGlobal
